// !$*UTF8*$!
{
	archiveVersion = 1;
	classes = {
	};
	objectVersion = 51;
	objects = {

/* Begin PBXBuildFile section */
		19EA9721247C014D00C933F7 /* LocalDatabase.swift in Sources */ = {isa = PBXBuildFile; fileRef = 19EA9720247C014D00C933F7 /* LocalDatabase.swift */; };
		85C4523F4DA5CDAA7E96E68E /* Pods_TestApp.framework in Frameworks */ = {isa = PBXBuildFile; fileRef = 43D44ADE529C71B5F4956256 /* Pods_TestApp.framework */; };
		A1E3A5CD2473499300A02C13 /* AppDelegate.swift in Sources */ = {isa = PBXBuildFile; fileRef = A1E3A5CC2473499300A02C13 /* AppDelegate.swift */; };
		A1E3A5CF2473499400A02C13 /* SceneDelegate.swift in Sources */ = {isa = PBXBuildFile; fileRef = A1E3A5CE2473499400A02C13 /* SceneDelegate.swift */; };
		A1E3A5D12473499400A02C13 /* ViewController.swift in Sources */ = {isa = PBXBuildFile; fileRef = A1E3A5D02473499400A02C13 /* ViewController.swift */; };
		A1E3A5D42473499400A02C13 /* Main.storyboard in Resources */ = {isa = PBXBuildFile; fileRef = A1E3A5D22473499400A02C13 /* Main.storyboard */; };
		A1E3A5D62473499500A02C13 /* Assets.xcassets in Resources */ = {isa = PBXBuildFile; fileRef = A1E3A5D52473499500A02C13 /* Assets.xcassets */; };
		A1E3A5D92473499500A02C13 /* LaunchScreen.storyboard in Resources */ = {isa = PBXBuildFile; fileRef = A1E3A5D72473499500A02C13 /* LaunchScreen.storyboard */; };
		A1E3A5E32473524A00A02C13 /* TodoModel.swift in Sources */ = {isa = PBXBuildFile; fileRef = A1E3A5E22473524A00A02C13 /* TodoModel.swift */; };
/* End PBXBuildFile section */

/* Begin PBXFileReference section */
		19EA9720247C014D00C933F7 /* LocalDatabase.swift */ = {isa = PBXFileReference; lastKnownFileType = sourcecode.swift; path = LocalDatabase.swift; sourceTree = "<group>"; };
		1C1460E34C4ED1E3AA891001 /* Pods-TestApp.release.xcconfig */ = {isa = PBXFileReference; includeInIndex = 1; lastKnownFileType = text.xcconfig; name = "Pods-TestApp.release.xcconfig"; path = "Target Support Files/Pods-TestApp/Pods-TestApp.release.xcconfig"; sourceTree = "<group>"; };
		30259D3D415F0B3FF78139C5 /* Pods-TestApp.debug.xcconfig */ = {isa = PBXFileReference; includeInIndex = 1; lastKnownFileType = text.xcconfig; name = "Pods-TestApp.debug.xcconfig"; path = "Target Support Files/Pods-TestApp/Pods-TestApp.debug.xcconfig"; sourceTree = "<group>"; };
		43D44ADE529C71B5F4956256 /* Pods_TestApp.framework */ = {isa = PBXFileReference; explicitFileType = wrapper.framework; includeInIndex = 0; path = Pods_TestApp.framework; sourceTree = BUILT_PRODUCTS_DIR; };
		A1E3A5C92473499300A02C13 /* TestApp.app */ = {isa = PBXFileReference; explicitFileType = wrapper.application; includeInIndex = 0; path = TestApp.app; sourceTree = BUILT_PRODUCTS_DIR; };
		A1E3A5CC2473499300A02C13 /* AppDelegate.swift */ = {isa = PBXFileReference; lastKnownFileType = sourcecode.swift; path = AppDelegate.swift; sourceTree = "<group>"; };
		A1E3A5CE2473499400A02C13 /* SceneDelegate.swift */ = {isa = PBXFileReference; lastKnownFileType = sourcecode.swift; path = SceneDelegate.swift; sourceTree = "<group>"; };
		A1E3A5D02473499400A02C13 /* ViewController.swift */ = {isa = PBXFileReference; lastKnownFileType = sourcecode.swift; path = ViewController.swift; sourceTree = "<group>"; };
		A1E3A5D32473499400A02C13 /* Base */ = {isa = PBXFileReference; lastKnownFileType = file.storyboard; name = Base; path = Base.lproj/Main.storyboard; sourceTree = "<group>"; };
		A1E3A5D52473499500A02C13 /* Assets.xcassets */ = {isa = PBXFileReference; lastKnownFileType = folder.assetcatalog; path = Assets.xcassets; sourceTree = "<group>"; };
		A1E3A5D82473499500A02C13 /* Base */ = {isa = PBXFileReference; lastKnownFileType = file.storyboard; name = Base; path = Base.lproj/LaunchScreen.storyboard; sourceTree = "<group>"; };
		A1E3A5DA2473499500A02C13 /* Info.plist */ = {isa = PBXFileReference; lastKnownFileType = text.plist.xml; path = Info.plist; sourceTree = "<group>"; };
		A1E3A5E22473524A00A02C13 /* TodoModel.swift */ = {isa = PBXFileReference; lastKnownFileType = sourcecode.swift; path = TodoModel.swift; sourceTree = "<group>"; };
/* End PBXFileReference section */

/* Begin PBXFrameworksBuildPhase section */
		A1E3A5C62473499300A02C13 /* Frameworks */ = {
			isa = PBXFrameworksBuildPhase;
			buildActionMask = 2147483647;
			files = (
				85C4523F4DA5CDAA7E96E68E /* Pods_TestApp.framework in Frameworks */,
			);
			runOnlyForDeploymentPostprocessing = 0;
		};
/* End PBXFrameworksBuildPhase section */

/* Begin PBXGroup section */
		63F6BB67C2184B5C05AAD935 /* Pods */ = {
			isa = PBXGroup;
			children = (
				30259D3D415F0B3FF78139C5 /* Pods-TestApp.debug.xcconfig */,
				1C1460E34C4ED1E3AA891001 /* Pods-TestApp.release.xcconfig */,
			);
			path = Pods;
			sourceTree = "<group>";
		};
		A1E3A5C02473499300A02C13 = {
			isa = PBXGroup;
			children = (
				A1E3A5CB2473499300A02C13 /* TestApp */,
				A1E3A5CA2473499300A02C13 /* Products */,
				63F6BB67C2184B5C05AAD935 /* Pods */,
				F34374D830E7997EE25C364E /* Frameworks */,
			);
			sourceTree = "<group>";
		};
		A1E3A5CA2473499300A02C13 /* Products */ = {
			isa = PBXGroup;
			children = (
				A1E3A5C92473499300A02C13 /* TestApp.app */,
			);
			name = Products;
			sourceTree = "<group>";
		};
		A1E3A5CB2473499300A02C13 /* TestApp */ = {
			isa = PBXGroup;
			children = (
				A1E3A5CC2473499300A02C13 /* AppDelegate.swift */,
				A1E3A5CE2473499400A02C13 /* SceneDelegate.swift */,
				A1E3A5D02473499400A02C13 /* ViewController.swift */,
				A1E3A5D22473499400A02C13 /* Main.storyboard */,
				A1E3A5E22473524A00A02C13 /* TodoModel.swift */,
				A1E3A5D52473499500A02C13 /* Assets.xcassets */,
				A1E3A5D72473499500A02C13 /* LaunchScreen.storyboard */,
				A1E3A5DA2473499500A02C13 /* Info.plist */,
				19EA9720247C014D00C933F7 /* LocalDatabase.swift */,
			);
			path = TestApp;
			sourceTree = "<group>";
		};
		F34374D830E7997EE25C364E /* Frameworks */ = {
			isa = PBXGroup;
			children = (
				43D44ADE529C71B5F4956256 /* Pods_TestApp.framework */,
			);
			name = Frameworks;
			sourceTree = "<group>";
		};
/* End PBXGroup section */

/* Begin PBXNativeTarget section */
		A1E3A5C82473499300A02C13 /* TestApp */ = {
			isa = PBXNativeTarget;
			buildConfigurationList = A1E3A5DD2473499500A02C13 /* Build configuration list for PBXNativeTarget "TestApp" */;
			buildPhases = (
				2C1DAA415D950CFFCEB679DB /* [CP] Check Pods Manifest.lock */,
				A1E3A5C52473499300A02C13 /* Sources */,
				A1E3A5C62473499300A02C13 /* Frameworks */,
				A1E3A5C72473499300A02C13 /* Resources */,
				377B16306BF7F9A7B7AB1D84 /* [CP] Embed Pods Frameworks */,
			);
			buildRules = (
			);
			dependencies = (
			);
			name = TestApp;
			productName = TestApp;
			productReference = A1E3A5C92473499300A02C13 /* TestApp.app */;
			productType = "com.apple.product-type.application";
		};
/* End PBXNativeTarget section */

/* Begin PBXProject section */
		A1E3A5C12473499300A02C13 /* Project object */ = {
			isa = PBXProject;
			attributes = {
				LastSwiftUpdateCheck = 1140;
				LastUpgradeCheck = 1140;
				ORGANIZATIONNAME = "Daichi Tanaka";
				TargetAttributes = {
					A1E3A5C82473499300A02C13 = {
						CreatedOnToolsVersion = 11.4.1;
					};
				};
			};
			buildConfigurationList = A1E3A5C42473499300A02C13 /* Build configuration list for PBXProject "TestApp" */;
			compatibilityVersion = "Xcode 9.3";
			developmentRegion = en;
			hasScannedForEncodings = 0;
			knownRegions = (
				en,
				Base,
			);
			mainGroup = A1E3A5C02473499300A02C13;
			productRefGroup = A1E3A5CA2473499300A02C13 /* Products */;
			projectDirPath = "";
			projectRoot = "";
			targets = (
				A1E3A5C82473499300A02C13 /* TestApp */,
			);
		};
/* End PBXProject section */

/* Begin PBXResourcesBuildPhase section */
		A1E3A5C72473499300A02C13 /* Resources */ = {
			isa = PBXResourcesBuildPhase;
			buildActionMask = 2147483647;
			files = (
				A1E3A5D92473499500A02C13 /* LaunchScreen.storyboard in Resources */,
				A1E3A5D62473499500A02C13 /* Assets.xcassets in Resources */,
				A1E3A5D42473499400A02C13 /* Main.storyboard in Resources */,
			);
			runOnlyForDeploymentPostprocessing = 0;
		};
/* End PBXResourcesBuildPhase section */

/* Begin PBXShellScriptBuildPhase section */
		2C1DAA415D950CFFCEB679DB /* [CP] Check Pods Manifest.lock */ = {
			isa = PBXShellScriptBuildPhase;
			buildActionMask = 2147483647;
			files = (
			);
			inputFileListPaths = (
			);
			inputPaths = (
				"${PODS_PODFILE_DIR_PATH}/Podfile.lock",
				"${PODS_ROOT}/Manifest.lock",
			);
			name = "[CP] Check Pods Manifest.lock";
			outputFileListPaths = (
			);
			outputPaths = (
				"$(DERIVED_FILE_DIR)/Pods-TestApp-checkManifestLockResult.txt",
			);
			runOnlyForDeploymentPostprocessing = 0;
			shellPath = /bin/sh;
			shellScript = "diff \"${PODS_PODFILE_DIR_PATH}/Podfile.lock\" \"${PODS_ROOT}/Manifest.lock\" > /dev/null\nif [ $? != 0 ] ; then\n    # print error to STDERR\n    echo \"error: The sandbox is not in sync with the Podfile.lock. Run 'pod install' or update your CocoaPods installation.\" >&2\n    exit 1\nfi\n# This output is used by Xcode 'outputs' to avoid re-running this script phase.\necho \"SUCCESS\" > \"${SCRIPT_OUTPUT_FILE_0}\"\n";
			showEnvVarsInLog = 0;
		};
		377B16306BF7F9A7B7AB1D84 /* [CP] Embed Pods Frameworks */ = {
			isa = PBXShellScriptBuildPhase;
			buildActionMask = 2147483647;
			files = (
			);
			inputFileListPaths = (
				"${PODS_ROOT}/Target Support Files/Pods-TestApp/Pods-TestApp-frameworks-${CONFIGURATION}-input-files.xcfilelist",
			);
			name = "[CP] Embed Pods Frameworks";
			outputFileListPaths = (
				"${PODS_ROOT}/Target Support Files/Pods-TestApp/Pods-TestApp-frameworks-${CONFIGURATION}-output-files.xcfilelist",
			);
			runOnlyForDeploymentPostprocessing = 0;
			shellPath = /bin/sh;
			shellScript = "\"${PODS_ROOT}/Target Support Files/Pods-TestApp/Pods-TestApp-frameworks.sh\"\n";
			showEnvVarsInLog = 0;
		};
/* End PBXShellScriptBuildPhase section */

/* Begin PBXSourcesBuildPhase section */
		A1E3A5C52473499300A02C13 /* Sources */ = {
			isa = PBXSourcesBuildPhase;
			buildActionMask = 2147483647;
			files = (
				A1E3A5D12473499400A02C13 /* ViewController.swift in Sources */,
				A1E3A5E32473524A00A02C13 /* TodoModel.swift in Sources */,
				A1E3A5CD2473499300A02C13 /* AppDelegate.swift in Sources */,
				19EA9721247C014D00C933F7 /* LocalDatabase.swift in Sources */,
				A1E3A5CF2473499400A02C13 /* SceneDelegate.swift in Sources */,
			);
			runOnlyForDeploymentPostprocessing = 0;
		};
/* End PBXSourcesBuildPhase section */

/* Begin PBXVariantGroup section */
		A1E3A5D22473499400A02C13 /* Main.storyboard */ = {
			isa = PBXVariantGroup;
			children = (
				A1E3A5D32473499400A02C13 /* Base */,
			);
			name = Main.storyboard;
			sourceTree = "<group>";
		};
		A1E3A5D72473499500A02C13 /* LaunchScreen.storyboard */ = {
			isa = PBXVariantGroup;
			children = (
				A1E3A5D82473499500A02C13 /* Base */,
			);
			name = LaunchScreen.storyboard;
			sourceTree = "<group>";
		};
/* End PBXVariantGroup section */

/* Begin XCBuildConfiguration section */
		A1E3A5DB2473499500A02C13 /* Debug */ = {
			isa = XCBuildConfiguration;
			buildSettings = {
				ALWAYS_SEARCH_USER_PATHS = NO;
				CLANG_ANALYZER_NONNULL = YES;
				CLANG_ANALYZER_NUMBER_OBJECT_CONVERSION = YES_AGGRESSIVE;
				CLANG_CXX_LANGUAGE_STANDARD = "gnu++14";
				CLANG_CXX_LIBRARY = "libc++";
				CLANG_ENABLE_MODULES = YES;
				CLANG_ENABLE_OBJC_ARC = YES;
				CLANG_ENABLE_OBJC_WEAK = YES;
				CLANG_WARN_BLOCK_CAPTURE_AUTORELEASING = YES;
				CLANG_WARN_BOOL_CONVERSION = YES;
				CLANG_WARN_COMMA = YES;
				CLANG_WARN_CONSTANT_CONVERSION = YES;
				CLANG_WARN_DEPRECATED_OBJC_IMPLEMENTATIONS = YES;
				CLANG_WARN_DIRECT_OBJC_ISA_USAGE = YES_ERROR;
				CLANG_WARN_DOCUMENTATION_COMMENTS = YES;
				CLANG_WARN_EMPTY_BODY = YES;
				CLANG_WARN_ENUM_CONVERSION = YES;
				CLANG_WARN_INFINITE_RECURSION = YES;
				CLANG_WARN_INT_CONVERSION = YES;
				CLANG_WARN_NON_LITERAL_NULL_CONVERSION = YES;
				CLANG_WARN_OBJC_IMPLICIT_RETAIN_SELF = YES;
				CLANG_WARN_OBJC_LITERAL_CONVERSION = YES;
				CLANG_WARN_OBJC_ROOT_CLASS = YES_ERROR;
				CLANG_WARN_RANGE_LOOP_ANALYSIS = YES;
				CLANG_WARN_STRICT_PROTOTYPES = YES;
				CLANG_WARN_SUSPICIOUS_MOVE = YES;
				CLANG_WARN_UNGUARDED_AVAILABILITY = YES_AGGRESSIVE;
				CLANG_WARN_UNREACHABLE_CODE = YES;
				CLANG_WARN__DUPLICATE_METHOD_MATCH = YES;
				COPY_PHASE_STRIP = NO;
				DEBUG_INFORMATION_FORMAT = dwarf;
				ENABLE_STRICT_OBJC_MSGSEND = YES;
				ENABLE_TESTABILITY = YES;
				GCC_C_LANGUAGE_STANDARD = gnu11;
				GCC_DYNAMIC_NO_PIC = NO;
				GCC_NO_COMMON_BLOCKS = YES;
				GCC_OPTIMIZATION_LEVEL = 0;
				GCC_PREPROCESSOR_DEFINITIONS = (
					"DEBUG=1",
					"$(inherited)",
				);
				GCC_WARN_64_TO_32_BIT_CONVERSION = YES;
				GCC_WARN_ABOUT_RETURN_TYPE = YES_ERROR;
				GCC_WARN_UNDECLARED_SELECTOR = YES;
				GCC_WARN_UNINITIALIZED_AUTOS = YES_AGGRESSIVE;
				GCC_WARN_UNUSED_FUNCTION = YES;
				GCC_WARN_UNUSED_VARIABLE = YES;
				IPHONEOS_DEPLOYMENT_TARGET = 13.4;
				MTL_ENABLE_DEBUG_INFO = INCLUDE_SOURCE;
				MTL_FAST_MATH = YES;
				ONLY_ACTIVE_ARCH = YES;
				SDKROOT = iphoneos;
				SWIFT_ACTIVE_COMPILATION_CONDITIONS = DEBUG;
				SWIFT_OPTIMIZATION_LEVEL = "-Onone";
			};
			name = Debug;
		};
		A1E3A5DC2473499500A02C13 /* Release */ = {
			isa = XCBuildConfiguration;
			buildSettings = {
				ALWAYS_SEARCH_USER_PATHS = NO;
				CLANG_ANALYZER_NONNULL = YES;
				CLANG_ANALYZER_NUMBER_OBJECT_CONVERSION = YES_AGGRESSIVE;
				CLANG_CXX_LANGUAGE_STANDARD = "gnu++14";
				CLANG_CXX_LIBRARY = "libc++";
				CLANG_ENABLE_MODULES = YES;
				CLANG_ENABLE_OBJC_ARC = YES;
				CLANG_ENABLE_OBJC_WEAK = YES;
				CLANG_WARN_BLOCK_CAPTURE_AUTORELEASING = YES;
				CLANG_WARN_BOOL_CONVERSION = YES;
				CLANG_WARN_COMMA = YES;
				CLANG_WARN_CONSTANT_CONVERSION = YES;
				CLANG_WARN_DEPRECATED_OBJC_IMPLEMENTATIONS = YES;
				CLANG_WARN_DIRECT_OBJC_ISA_USAGE = YES_ERROR;
				CLANG_WARN_DOCUMENTATION_COMMENTS = YES;
				CLANG_WARN_EMPTY_BODY = YES;
				CLANG_WARN_ENUM_CONVERSION = YES;
				CLANG_WARN_INFINITE_RECURSION = YES;
				CLANG_WARN_INT_CONVERSION = YES;
				CLANG_WARN_NON_LITERAL_NULL_CONVERSION = YES;
				CLANG_WARN_OBJC_IMPLICIT_RETAIN_SELF = YES;
				CLANG_WARN_OBJC_LITERAL_CONVERSION = YES;
				CLANG_WARN_OBJC_ROOT_CLASS = YES_ERROR;
				CLANG_WARN_RANGE_LOOP_ANALYSIS = YES;
				CLANG_WARN_STRICT_PROTOTYPES = YES;
				CLANG_WARN_SUSPICIOUS_MOVE = YES;
				CLANG_WARN_UNGUARDED_AVAILABILITY = YES_AGGRESSIVE;
				CLANG_WARN_UNREACHABLE_CODE = YES;
				CLANG_WARN__DUPLICATE_METHOD_MATCH = YES;
				COPY_PHASE_STRIP = NO;
				DEBUG_INFORMATION_FORMAT = "dwarf-with-dsym";
				ENABLE_NS_ASSERTIONS = NO;
				ENABLE_STRICT_OBJC_MSGSEND = YES;
				GCC_C_LANGUAGE_STANDARD = gnu11;
				GCC_NO_COMMON_BLOCKS = YES;
				GCC_WARN_64_TO_32_BIT_CONVERSION = YES;
				GCC_WARN_ABOUT_RETURN_TYPE = YES_ERROR;
				GCC_WARN_UNDECLARED_SELECTOR = YES;
				GCC_WARN_UNINITIALIZED_AUTOS = YES_AGGRESSIVE;
				GCC_WARN_UNUSED_FUNCTION = YES;
				GCC_WARN_UNUSED_VARIABLE = YES;
				IPHONEOS_DEPLOYMENT_TARGET = 13.4;
				MTL_ENABLE_DEBUG_INFO = NO;
				MTL_FAST_MATH = YES;
				SDKROOT = iphoneos;
				SWIFT_COMPILATION_MODE = wholemodule;
				SWIFT_OPTIMIZATION_LEVEL = "-O";
				VALIDATE_PRODUCT = YES;
			};
			name = Release;
		};
		A1E3A5DE2473499500A02C13 /* Debug */ = {
			isa = XCBuildConfiguration;
			baseConfigurationReference = 30259D3D415F0B3FF78139C5 /* Pods-TestApp.debug.xcconfig */;
			buildSettings = {
				ASSETCATALOG_COMPILER_APPICON_NAME = AppIcon;
				CODE_SIGN_STYLE = Automatic;
				DEVELOPMENT_TEAM = 89944GJ9HX;
				INFOPLIST_FILE = TestApp/Info.plist;
				LD_RUNPATH_SEARCH_PATHS = (
					"$(inherited)",
					"@executable_path/Frameworks",
				);
				PRODUCT_BUNDLE_IDENTIFIER = sample.TestApp;
				PRODUCT_NAME = "$(TARGET_NAME)";
				SWIFT_VERSION = 5.0;
				TARGETED_DEVICE_FAMILY = "1,2";
			};
			name = Debug;
		};
		A1E3A5DF2473499500A02C13 /* Release */ = {
			isa = XCBuildConfiguration;
			baseConfigurationReference = 1C1460E34C4ED1E3AA891001 /* Pods-TestApp.release.xcconfig */;
			buildSettings = {
				ASSETCATALOG_COMPILER_APPICON_NAME = AppIcon;
				CODE_SIGN_STYLE = Automatic;
				DEVELOPMENT_TEAM = YUH8WT596Y;
				INFOPLIST_FILE = TestApp/Info.plist;
				LD_RUNPATH_SEARCH_PATHS = (
					"$(inherited)",
					"@executable_path/Frameworks",
				);
				PRODUCT_BUNDLE_IDENTIFIER = sample.TestApp;
				PRODUCT_NAME = "$(TARGET_NAME)";
				SWIFT_VERSION = 5.0;
				TARGETED_DEVICE_FAMILY = "1,2";
			};
			name = Release;
		};
/* End XCBuildConfiguration section */

/* Begin XCConfigurationList section */
		A1E3A5C42473499300A02C13 /* Build configuration list for PBXProject "TestApp" */ = {
			isa = XCConfigurationList;
			buildConfigurations = (
				A1E3A5DB2473499500A02C13 /* Debug */,
				A1E3A5DC2473499500A02C13 /* Release */,
			);
			defaultConfigurationIsVisible = 0;
			defaultConfigurationName = Release;
		};
		A1E3A5DD2473499500A02C13 /* Build configuration list for PBXNativeTarget "TestApp" */ = {
			isa = XCConfigurationList;
			buildConfigurations = (
				A1E3A5DE2473499500A02C13 /* Debug */,
				A1E3A5DF2473499500A02C13 /* Release */,
			);
			defaultConfigurationIsVisible = 0;
			defaultConfigurationName = Release;
		};
/* End XCConfigurationList section */
	};
	rootObject = A1E3A5C12473499300A02C13 /* Project object */;
}
